
Microsoft Visual Studio Solution File, Format Version 12.00
# Visual Studio Version 17
VisualStudioVersion = 17.0.31919.166
MinimumVisualStudioVersion = 10.0.40219.1
Project("{9A19103F-16F7-4668-BE54-9A1E7A4F7556}") = "Assignment.Application", "Assignment.Application\Assignment.Application.csproj", "{4335894B-0980-49D9-9C91-61BA9603D9DB}"
EndProject
Project("{9A19103F-16F7-4668-BE54-9A1E7A4F7556}") = "Assignment.Domain", "Assignment.Domain\Assignment.Domain.csproj", "{42E86C05-A7BB-4EE1-896F-73E844637AEF}"
EndProject
Project("{9A19103F-16F7-4668-BE54-9A1E7A4F7556}") = "Assignment.Infrastruction", "Assignment.Infrastruction\Assignment.Infrastruction.csproj", "{0540356E-2F5D-4F5D-82FA-6990ACA5EE08}"
EndProject
Project("{9A19103F-16F7-4668-BE54-9A1E7A4F7556}") = "Assignment.Presentation", "Assignment.Presentation\Assignment.Presentation.csproj", "{39BBD77D-0122-4AE7-94BC-2079F16D8440}"
EndProject
Project("{9A19103F-16F7-4668-BE54-9A1E7A4F7556}") = "Assignment.Tests", "Assignment.Tests\Assignment.Tests.csproj", "{20F4BEB4-1751-4C41-B0B8-417696466FF0}"
EndProject
Global
	GlobalSection(SolutionConfigurationPlatforms) = preSolution
		Debug|Any CPU = Debug|Any CPU
		Release|Any CPU = Release|Any CPU
	EndGlobalSection
	GlobalSection(ProjectConfigurationPlatforms) = postSolution
		{4335894B-0980-49D9-9C91-61BA9603D9DB}.Debug|Any CPU.ActiveCfg = Debug|Any CPU
		{4335894B-0980-49D9-9C91-61BA9603D9DB}.Debug|Any CPU.Build.0 = Debug|Any CPU
		{4335894B-0980-49D9-9C91-61BA9603D9DB}.Release|Any CPU.ActiveCfg = Release|Any CPU
		{4335894B-0980-49D9-9C91-61BA9603D9DB}.Release|Any CPU.Build.0 = Release|Any CPU
		{42E86C05-A7BB-4EE1-896F-73E844637AEF}.Debug|Any CPU.ActiveCfg = Debug|Any CPU
		{42E86C05-A7BB-4EE1-896F-73E844637AEF}.Debug|Any CPU.Build.0 = Debug|Any CPU
		{42E86C05-A7BB-4EE1-896F-73E844637AEF}.Release|Any CPU.ActiveCfg = Release|Any CPU
		{42E86C05-A7BB-4EE1-896F-73E844637AEF}.Release|Any CPU.Build.0 = Release|Any CPU
		{0540356E-2F5D-4F5D-82FA-6990ACA5EE08}.Debug|Any CPU.ActiveCfg = Debug|Any CPU
		{0540356E-2F5D-4F5D-82FA-6990ACA5EE08}.Debug|Any CPU.Build.0 = Debug|Any CPU
		{0540356E-2F5D-4F5D-82FA-6990ACA5EE08}.Release|Any CPU.ActiveCfg = Release|Any CPU
		{0540356E-2F5D-4F5D-82FA-6990ACA5EE08}.Release|Any CPU.Build.0 = Release|Any CPU
		{39BBD77D-0122-4AE7-94BC-2079F16D8440}.Debug|Any CPU.ActiveCfg = Debug|Any CPU
		{39BBD77D-0122-4AE7-94BC-2079F16D8440}.Debug|Any CPU.Build.0 = Debug|Any CPU
		{39BBD77D-0122-4AE7-94BC-2079F16D8440}.Release|Any CPU.ActiveCfg = Release|Any CPU
		{39BBD77D-0122-4AE7-94BC-2079F16D8440}.Release|Any CPU.Build.0 = Release|Any CPU
		{20F4BEB4-1751-4C41-B0B8-417696466FF0}.Debug|Any CPU.ActiveCfg = Debug|Any CPU
		{20F4BEB4-1751-4C41-B0B8-417696466FF0}.Debug|Any CPU.Build.0 = Debug|Any CPU
		{20F4BEB4-1751-4C41-B0B8-417696466FF0}.Release|Any CPU.ActiveCfg = Release|Any CPU
		{20F4BEB4-1751-4C41-B0B8-417696466FF0}.Release|Any CPU.Build.0 = Release|Any CPU
	EndGlobalSection
	GlobalSection(SolutionProperties) = preSolution
		HideSolutionNode = FALSE
	EndGlobalSection
	GlobalSection(ExtensibilityGlobals) = postSolution
		SolutionGuid = {551462B5-BEC9-44A1-BD50-EB51B680CDC1}
	EndGlobalSection
EndGlobal
